
Microsoft Visual Studio Solution File, Format Version 12.00
# Visual Studio Version 16
VisualStudioVersion = 16.0.30523.141
MinimumVisualStudioVersion = 10.0.40219.1
Project("{9A19103F-16F7-4668-BE54-9A1E7A4F7556}") = "Vyachka.DSA.AlgorithmImpl", "Vyachka.DSA.AlgorithmImpl\Vyachka.DSA.AlgorithmImpl.csproj", "{DFF71334-A381-4F26-8420-046621DD6BB7}"
EndProject
Project("{9A19103F-16F7-4668-BE54-9A1E7A4F7556}") = "Tester", "Tester\Tester.csproj", "{D22EA33E-01F2-4AAE-9023-D7BF9354A27A}"
EndProject
Project("{FAE04EC0-301F-11D3-BF4B-00C04F79EFBC}") = "Vyachka.DSA.WPFApp", "Vyachka.DSA.WPFApp\Vyachka.DSA.WPFApp.csproj", "{FA253A3D-ACCA-49AA-834B-9B8D5835796B}"
EndProject
Global
	GlobalSection(SolutionConfigurationPlatforms) = preSolution
		Debug|Any CPU = Debug|Any CPU
		Release|Any CPU = Release|Any CPU
	EndGlobalSection
	GlobalSection(ProjectConfigurationPlatforms) = postSolution
		{DFF71334-A381-4F26-8420-046621DD6BB7}.Debug|Any CPU.ActiveCfg = Debug|Any CPU
		{DFF71334-A381-4F26-8420-046621DD6BB7}.Debug|Any CPU.Build.0 = Debug|Any CPU
		{DFF71334-A381-4F26-8420-046621DD6BB7}.Release|Any CPU.ActiveCfg = Release|Any CPU
		{DFF71334-A381-4F26-8420-046621DD6BB7}.Release|Any CPU.Build.0 = Release|Any CPU
		{D22EA33E-01F2-4AAE-9023-D7BF9354A27A}.Debug|Any CPU.ActiveCfg = Debug|Any CPU
		{D22EA33E-01F2-4AAE-9023-D7BF9354A27A}.Debug|Any CPU.Build.0 = Debug|Any CPU
		{D22EA33E-01F2-4AAE-9023-D7BF9354A27A}.Release|Any CPU.ActiveCfg = Release|Any CPU
		{D22EA33E-01F2-4AAE-9023-D7BF9354A27A}.Release|Any CPU.Build.0 = Release|Any CPU
		{FA253A3D-ACCA-49AA-834B-9B8D5835796B}.Debug|Any CPU.ActiveCfg = Debug|Any CPU
		{FA253A3D-ACCA-49AA-834B-9B8D5835796B}.Debug|Any CPU.Build.0 = Debug|Any CPU
		{FA253A3D-ACCA-49AA-834B-9B8D5835796B}.Release|Any CPU.ActiveCfg = Release|Any CPU
		{FA253A3D-ACCA-49AA-834B-9B8D5835796B}.Release|Any CPU.Build.0 = Release|Any CPU
	EndGlobalSection
	GlobalSection(SolutionProperties) = preSolution
		HideSolutionNode = FALSE
	EndGlobalSection
	GlobalSection(ExtensibilityGlobals) = postSolution
		SolutionGuid = {346B2B57-9DC6-4C8A-99D6-91690D903C61}
	EndGlobalSection
EndGlobal
